# gnomod.lock, generated by gnopm. Do not hand-edit.
#
# One entry per resolvable module path. `source` says where that version's
# code actually is: `dir` for the copy in the working tree, `commit`+`dir`
# for a version that now exists only in this repository's git history.
# `gnopm sync` materializes the latter under .gnopm/.

lock = 1

[[module]]
module = "gno.land/p/moul/gnosnake/v0"
source = { dir = "p/moul/gnosnake" }

[[module]]
module = "gno.land/r/moul/gnosnake"
source = { dir = "r/moul/gnosnake" }
